
Microsoft Visual Studio Solution File, Format Version 12.00
# Visual Studio Version 17
VisualStudioVersion = 17.8.34330.188
MinimumVisualStudioVersion = 10.0.40219.1
Project("{2150E333-8FDC-42A3-9474-1A3956D46DE8}") = "Pr1.1", "Pr1.1", "{3B5895A8-1171-4349-AAB3-673C841B8831}"
EndProject
Project("{9A19103F-16F7-4668-BE54-9A1E7A4F7556}") = "Task1_1.1", "..\Task1_1.1\Task1_1.1.csproj", "{99A72AAB-66E0-499F-9EBA-2566E478EEE1}"
EndProject
Project("{9A19103F-16F7-4668-BE54-9A1E7A4F7556}") = "Task2_1.1", "..\Task2_1.1\Task2_1.1.csproj", "{3FD6B75E-04C2-4158-BA68-D36576C28570}"
EndProject
Project("{9A19103F-16F7-4668-BE54-9A1E7A4F7556}") = "Task3_1.1", "Task3_1.1\Task3_1.1.csproj", "{56344FC7-5267-4BA4-BDB3-C3B3911F3190}"
EndProject
Project("{9A19103F-16F7-4668-BE54-9A1E7A4F7556}") = "Task4_1.1", "Task4_1.1\Task4_1.1.csproj", "{D0872A95-D77F-4A3B-B995-66A6B4544D32}"
EndProject
Project("{9A19103F-16F7-4668-BE54-9A1E7A4F7556}") = "Task5_1.1", "Task5_1.1\Task5_1.1.csproj", "{6A157D9E-395B-4FD7-8D72-C7162D6944EA}"
EndProject
Project("{2150E333-8FDC-42A3-9474-1A3956D46DE8}") = "Pr1.2", "Pr1.2", "{F7D2B691-5633-4311-B0EB-A7E825B1FABC}"
EndProject
Project("{9A19103F-16F7-4668-BE54-9A1E7A4F7556}") = "Task1_1.2", "Task1_1.2\Task1_1.2.csproj", "{F5B3DE68-AF67-4836-A730-B98F02D3961F}"
EndProject
Project("{9A19103F-16F7-4668-BE54-9A1E7A4F7556}") = "Task2_1.2", "Task2_1.2\Task2_1.2.csproj", "{89551EAA-636E-469A-8784-AA08A4DB5FBB}"
EndProject
Project("{9A19103F-16F7-4668-BE54-9A1E7A4F7556}") = "Task3_1.2", "Task3_1.2\Task3_1.2.csproj", "{9E24D6AC-6509-4009-9BA7-CCA2B1E0255D}"
EndProject
Project("{9A19103F-16F7-4668-BE54-9A1E7A4F7556}") = "Task4_1.2", "Task4_1.2\Task4_1.2.csproj", "{EEBC8C9B-A877-47C0-B030-1FE2094DA8C2}"
EndProject
Project("{9A19103F-16F7-4668-BE54-9A1E7A4F7556}") = "Task5_1.2", "Task5_1.2\Task5_1.2.csproj", "{5DA845E3-9CAF-4B3D-92E7-5CE06D0BB046}"
EndProject
Project("{2150E333-8FDC-42A3-9474-1A3956D46DE8}") = "Pr1.3", "Pr1.3", "{ECF5BDD6-F97A-46D1-A7EE-8DCAAE701423}"
EndProject
Project("{9A19103F-16F7-4668-BE54-9A1E7A4F7556}") = "Task1_1.3", "Task1_1.3\Task1_1.3.csproj", "{2C1A725C-4FCE-44CD-9676-C95B5DE167EE}"
EndProject
Project("{9A19103F-16F7-4668-BE54-9A1E7A4F7556}") = "Task2_1.3", "Task2_1.3\Task2_1.3.csproj", "{6FE3E7FA-DB01-4392-8A71-26481962FF27}"
EndProject
Project("{9A19103F-16F7-4668-BE54-9A1E7A4F7556}") = "Task3_1.3", "Task3_1.3\Task3_1.3.csproj", "{8D09C3F1-F6D1-44B6-8D55-2A78165AF028}"
EndProject
Project("{2150E333-8FDC-42A3-9474-1A3956D46DE8}") = "Pr1.4", "Pr1.4", "{FE6D6B0C-F39A-4D74-8EC8-8442995AE84F}"
EndProject
Project("{9A19103F-16F7-4668-BE54-9A1E7A4F7556}") = "Task1_1.4", "Task1_1.4\Task1_1.4.csproj", "{A2ED0BCB-7325-423C-8794-8FBE6109832A}"
EndProject
Project("{9A19103F-16F7-4668-BE54-9A1E7A4F7556}") = "Task2_1.4", "Task2_1.4\Task2_1.4.csproj", "{EB90F4F6-E7B6-492F-B674-B8B644322D67}"
EndProject
Project("{9A19103F-16F7-4668-BE54-9A1E7A4F7556}") = "Task3_1.4", "Task3_1.4\Task3_1.4.csproj", "{C9BAA7BB-44A4-45ED-AFB4-17ACBDA4700D}"
EndProject
Project("{9A19103F-16F7-4668-BE54-9A1E7A4F7556}") = "Task4_1.4", "Task4_1.4\Task4_1.4.csproj", "{51C25C83-8B72-41FC-AAA0-349853924146}"
EndProject
Project("{9A19103F-16F7-4668-BE54-9A1E7A4F7556}") = "Task5_1.4", "Task5_1.4\Task5_1.4.csproj", "{05A0A61A-6AE5-4809-81E8-D0F2DEFB07B9}"
EndProject
Project("{9A19103F-16F7-4668-BE54-9A1E7A4F7556}") = "Task6_1.4", "Task6_1.4\Task6_1.4.csproj", "{6BCD9357-2BEC-4F5B-9FE8-2717B629C0BD}"
EndProject
Project("{2150E333-8FDC-42A3-9474-1A3956D46DE8}") = "Pr1.5", "Pr1.5", "{5EBF7217-4146-4375-9DCA-55DA358507A4}"
EndProject
Project("{9A19103F-16F7-4668-BE54-9A1E7A4F7556}") = "Task1_1.5", "Task1_1.5\Task1_1.5.csproj", "{3E770EBE-B4AE-435D-BF8D-91A52F14A32B}"
EndProject
Project("{FAE04EC0-301F-11D3-BF4B-00C04F79EFBC}") = "Task2_1.5", "Task2_1.5\Task2_1.5.csproj", "{BD3E2A61-4048-418A-BFDD-FD3CAB9AD50B}"
EndProject
Project("{FAE04EC0-301F-11D3-BF4B-00C04F79EFBC}") = "Task3_1.5", "Task3_1.5\Task3_1.5.csproj", "{3ACE8F85-4250-4155-8CC5-AF812DF2F9AB}"
EndProject
Project("{FAE04EC0-301F-11D3-BF4B-00C04F79EFBC}") = "Task4_1.5", "Task4_1.5\Task4_1.5.csproj", "{DEF6FCBF-B632-4C1C-A6DF-DEB257044EFC}"
EndProject
Project("{FAE04EC0-301F-11D3-BF4B-00C04F79EFBC}") = "Task5_1.5", "Task5_1.5\Task5_1.5.csproj", "{FA44564E-7C23-4BDA-B629-65B193538AD6}"
EndProject
Project("{2150E333-8FDC-42A3-9474-1A3956D46DE8}") = "Pr1.6", "Pr1.6", "{156C9D6A-899C-4F7C-830D-5E34BEB988D5}"
EndProject
Project("{FAE04EC0-301F-11D3-BF4B-00C04F79EFBC}") = "Task1_1.6", "Task1_1.6\Task1_1.6.csproj", "{FE3FC919-F522-478A-A607-2282AFE733D4}"
EndProject
Project("{FAE04EC0-301F-11D3-BF4B-00C04F79EFBC}") = "Task2_1.6", "Task2_1.6\Task2_1.6.csproj", "{C0755209-5E3F-4D83-A50E-C638D480B0D5}"
EndProject
Project("{FAE04EC0-301F-11D3-BF4B-00C04F79EFBC}") = "Task3_1.6", "Task3_1.6\Task3_1.6.csproj", "{C3BF8884-2A6C-423D-BF4B-D7F2B47E2C56}"
EndProject
Project("{FAE04EC0-301F-11D3-BF4B-00C04F79EFBC}") = "Task4_1.6", "Task4_1.6\Task4_1.6.csproj", "{8D157345-EF6A-438E-9E12-852AD7053A8C}"
EndProject
Project("{FAE04EC0-301F-11D3-BF4B-00C04F79EFBC}") = "Task5_1.6", "Task5_1.6\Task5_1.6.csproj", "{4F24F3DA-D8FD-40AE-8136-72B105957869}"
EndProject
Project("{FAE04EC0-301F-11D3-BF4B-00C04F79EFBC}") = "Task6_1.6", "Task6_1.6\Task6_1.6.csproj", "{5CB3B4A1-0488-4EE5-801E-66E480AD50BB}"
EndProject
Global
	GlobalSection(SolutionConfigurationPlatforms) = preSolution
		Debug|Any CPU = Debug|Any CPU
		Release|Any CPU = Release|Any CPU
	EndGlobalSection
	GlobalSection(ProjectConfigurationPlatforms) = postSolution
		{99A72AAB-66E0-499F-9EBA-2566E478EEE1}.Debug|Any CPU.ActiveCfg = Debug|Any CPU
		{99A72AAB-66E0-499F-9EBA-2566E478EEE1}.Debug|Any CPU.Build.0 = Debug|Any CPU
		{99A72AAB-66E0-499F-9EBA-2566E478EEE1}.Release|Any CPU.ActiveCfg = Release|Any CPU
		{99A72AAB-66E0-499F-9EBA-2566E478EEE1}.Release|Any CPU.Build.0 = Release|Any CPU
		{3FD6B75E-04C2-4158-BA68-D36576C28570}.Debug|Any CPU.ActiveCfg = Debug|Any CPU
		{3FD6B75E-04C2-4158-BA68-D36576C28570}.Debug|Any CPU.Build.0 = Debug|Any CPU
		{3FD6B75E-04C2-4158-BA68-D36576C28570}.Release|Any CPU.ActiveCfg = Release|Any CPU
		{3FD6B75E-04C2-4158-BA68-D36576C28570}.Release|Any CPU.Build.0 = Release|Any CPU
		{56344FC7-5267-4BA4-BDB3-C3B3911F3190}.Debug|Any CPU.ActiveCfg = Debug|Any CPU
		{56344FC7-5267-4BA4-BDB3-C3B3911F3190}.Debug|Any CPU.Build.0 = Debug|Any CPU
		{56344FC7-5267-4BA4-BDB3-C3B3911F3190}.Release|Any CPU.ActiveCfg = Release|Any CPU
		{56344FC7-5267-4BA4-BDB3-C3B3911F3190}.Release|Any CPU.Build.0 = Release|Any CPU
		{D0872A95-D77F-4A3B-B995-66A6B4544D32}.Debug|Any CPU.ActiveCfg = Debug|Any CPU
		{D0872A95-D77F-4A3B-B995-66A6B4544D32}.Debug|Any CPU.Build.0 = Debug|Any CPU
		{D0872A95-D77F-4A3B-B995-66A6B4544D32}.Release|Any CPU.ActiveCfg = Release|Any CPU
		{D0872A95-D77F-4A3B-B995-66A6B4544D32}.Release|Any CPU.Build.0 = Release|Any CPU
		{6A157D9E-395B-4FD7-8D72-C7162D6944EA}.Debug|Any CPU.ActiveCfg = Debug|Any CPU
		{6A157D9E-395B-4FD7-8D72-C7162D6944EA}.Debug|Any CPU.Build.0 = Debug|Any CPU
		{6A157D9E-395B-4FD7-8D72-C7162D6944EA}.Release|Any CPU.ActiveCfg = Release|Any CPU
		{6A157D9E-395B-4FD7-8D72-C7162D6944EA}.Release|Any CPU.Build.0 = Release|Any CPU
		{F5B3DE68-AF67-4836-A730-B98F02D3961F}.Debug|Any CPU.ActiveCfg = Debug|Any CPU
		{F5B3DE68-AF67-4836-A730-B98F02D3961F}.Debug|Any CPU.Build.0 = Debug|Any CPU
		{F5B3DE68-AF67-4836-A730-B98F02D3961F}.Release|Any CPU.ActiveCfg = Release|Any CPU
		{F5B3DE68-AF67-4836-A730-B98F02D3961F}.Release|Any CPU.Build.0 = Release|Any CPU
		{89551EAA-636E-469A-8784-AA08A4DB5FBB}.Debug|Any CPU.ActiveCfg = Debug|Any CPU
		{89551EAA-636E-469A-8784-AA08A4DB5FBB}.Debug|Any CPU.Build.0 = Debug|Any CPU
		{89551EAA-636E-469A-8784-AA08A4DB5FBB}.Release|Any CPU.ActiveCfg = Release|Any CPU
		{89551EAA-636E-469A-8784-AA08A4DB5FBB}.Release|Any CPU.Build.0 = Release|Any CPU
		{9E24D6AC-6509-4009-9BA7-CCA2B1E0255D}.Debug|Any CPU.ActiveCfg = Debug|Any CPU
		{9E24D6AC-6509-4009-9BA7-CCA2B1E0255D}.Debug|Any CPU.Build.0 = Debug|Any CPU
		{9E24D6AC-6509-4009-9BA7-CCA2B1E0255D}.Release|Any CPU.ActiveCfg = Release|Any CPU
		{9E24D6AC-6509-4009-9BA7-CCA2B1E0255D}.Release|Any CPU.Build.0 = Release|Any CPU
		{EEBC8C9B-A877-47C0-B030-1FE2094DA8C2}.Debug|Any CPU.ActiveCfg = Debug|Any CPU
		{EEBC8C9B-A877-47C0-B030-1FE2094DA8C2}.Debug|Any CPU.Build.0 = Debug|Any CPU
		{EEBC8C9B-A877-47C0-B030-1FE2094DA8C2}.Release|Any CPU.ActiveCfg = Release|Any CPU
		{EEBC8C9B-A877-47C0-B030-1FE2094DA8C2}.Release|Any CPU.Build.0 = Release|Any CPU
		{5DA845E3-9CAF-4B3D-92E7-5CE06D0BB046}.Debug|Any CPU.ActiveCfg = Debug|Any CPU
		{5DA845E3-9CAF-4B3D-92E7-5CE06D0BB046}.Debug|Any CPU.Build.0 = Debug|Any CPU
		{5DA845E3-9CAF-4B3D-92E7-5CE06D0BB046}.Release|Any CPU.ActiveCfg = Release|Any CPU
		{5DA845E3-9CAF-4B3D-92E7-5CE06D0BB046}.Release|Any CPU.Build.0 = Release|Any CPU
		{2C1A725C-4FCE-44CD-9676-C95B5DE167EE}.Debug|Any CPU.ActiveCfg = Debug|Any CPU
		{2C1A725C-4FCE-44CD-9676-C95B5DE167EE}.Debug|Any CPU.Build.0 = Debug|Any CPU
		{2C1A725C-4FCE-44CD-9676-C95B5DE167EE}.Release|Any CPU.ActiveCfg = Release|Any CPU
		{2C1A725C-4FCE-44CD-9676-C95B5DE167EE}.Release|Any CPU.Build.0 = Release|Any CPU
		{6FE3E7FA-DB01-4392-8A71-26481962FF27}.Debug|Any CPU.ActiveCfg = Debug|Any CPU
		{6FE3E7FA-DB01-4392-8A71-26481962FF27}.Debug|Any CPU.Build.0 = Debug|Any CPU
		{6FE3E7FA-DB01-4392-8A71-26481962FF27}.Release|Any CPU.ActiveCfg = Release|Any CPU
		{6FE3E7FA-DB01-4392-8A71-26481962FF27}.Release|Any CPU.Build.0 = Release|Any CPU
		{8D09C3F1-F6D1-44B6-8D55-2A78165AF028}.Debug|Any CPU.ActiveCfg = Debug|Any CPU
		{8D09C3F1-F6D1-44B6-8D55-2A78165AF028}.Debug|Any CPU.Build.0 = Debug|Any CPU
		{8D09C3F1-F6D1-44B6-8D55-2A78165AF028}.Release|Any CPU.ActiveCfg = Release|Any CPU
		{8D09C3F1-F6D1-44B6-8D55-2A78165AF028}.Release|Any CPU.Build.0 = Release|Any CPU
		{A2ED0BCB-7325-423C-8794-8FBE6109832A}.Debug|Any CPU.ActiveCfg = Debug|Any CPU
		{A2ED0BCB-7325-423C-8794-8FBE6109832A}.Debug|Any CPU.Build.0 = Debug|Any CPU
		{A2ED0BCB-7325-423C-8794-8FBE6109832A}.Release|Any CPU.ActiveCfg = Release|Any CPU
		{A2ED0BCB-7325-423C-8794-8FBE6109832A}.Release|Any CPU.Build.0 = Release|Any CPU
		{EB90F4F6-E7B6-492F-B674-B8B644322D67}.Debug|Any CPU.ActiveCfg = Debug|Any CPU
		{EB90F4F6-E7B6-492F-B674-B8B644322D67}.Debug|Any CPU.Build.0 = Debug|Any CPU
		{EB90F4F6-E7B6-492F-B674-B8B644322D67}.Release|Any CPU.ActiveCfg = Release|Any CPU
		{EB90F4F6-E7B6-492F-B674-B8B644322D67}.Release|Any CPU.Build.0 = Release|Any CPU
		{C9BAA7BB-44A4-45ED-AFB4-17ACBDA4700D}.Debug|Any CPU.ActiveCfg = Debug|Any CPU
		{C9BAA7BB-44A4-45ED-AFB4-17ACBDA4700D}.Debug|Any CPU.Build.0 = Debug|Any CPU
		{C9BAA7BB-44A4-45ED-AFB4-17ACBDA4700D}.Release|Any CPU.ActiveCfg = Release|Any CPU
		{C9BAA7BB-44A4-45ED-AFB4-17ACBDA4700D}.Release|Any CPU.Build.0 = Release|Any CPU
		{51C25C83-8B72-41FC-AAA0-349853924146}.Debug|Any CPU.ActiveCfg = Debug|Any CPU
		{51C25C83-8B72-41FC-AAA0-349853924146}.Debug|Any CPU.Build.0 = Debug|Any CPU
		{51C25C83-8B72-41FC-AAA0-349853924146}.Release|Any CPU.ActiveCfg = Release|Any CPU
		{51C25C83-8B72-41FC-AAA0-349853924146}.Release|Any CPU.Build.0 = Release|Any CPU
		{05A0A61A-6AE5-4809-81E8-D0F2DEFB07B9}.Debug|Any CPU.ActiveCfg = Debug|Any CPU
		{05A0A61A-6AE5-4809-81E8-D0F2DEFB07B9}.Debug|Any CPU.Build.0 = Debug|Any CPU
		{05A0A61A-6AE5-4809-81E8-D0F2DEFB07B9}.Release|Any CPU.ActiveCfg = Release|Any CPU
		{05A0A61A-6AE5-4809-81E8-D0F2DEFB07B9}.Release|Any CPU.Build.0 = Release|Any CPU
		{6BCD9357-2BEC-4F5B-9FE8-2717B629C0BD}.Debug|Any CPU.ActiveCfg = Debug|Any CPU
		{6BCD9357-2BEC-4F5B-9FE8-2717B629C0BD}.Debug|Any CPU.Build.0 = Debug|Any CPU
		{6BCD9357-2BEC-4F5B-9FE8-2717B629C0BD}.Release|Any CPU.ActiveCfg = Release|Any CPU
		{6BCD9357-2BEC-4F5B-9FE8-2717B629C0BD}.Release|Any CPU.Build.0 = Release|Any CPU
		{3E770EBE-B4AE-435D-BF8D-91A52F14A32B}.Debug|Any CPU.ActiveCfg = Debug|Any CPU
		{3E770EBE-B4AE-435D-BF8D-91A52F14A32B}.Debug|Any CPU.Build.0 = Debug|Any CPU
		{3E770EBE-B4AE-435D-BF8D-91A52F14A32B}.Release|Any CPU.ActiveCfg = Release|Any CPU
		{3E770EBE-B4AE-435D-BF8D-91A52F14A32B}.Release|Any CPU.Build.0 = Release|Any CPU
		{BD3E2A61-4048-418A-BFDD-FD3CAB9AD50B}.Debug|Any CPU.ActiveCfg = Debug|Any CPU
		{BD3E2A61-4048-418A-BFDD-FD3CAB9AD50B}.Debug|Any CPU.Build.0 = Debug|Any CPU
		{BD3E2A61-4048-418A-BFDD-FD3CAB9AD50B}.Release|Any CPU.ActiveCfg = Release|Any CPU
		{BD3E2A61-4048-418A-BFDD-FD3CAB9AD50B}.Release|Any CPU.Build.0 = Release|Any CPU
		{3ACE8F85-4250-4155-8CC5-AF812DF2F9AB}.Debug|Any CPU.ActiveCfg = Debug|Any CPU
		{3ACE8F85-4250-4155-8CC5-AF812DF2F9AB}.Debug|Any CPU.Build.0 = Debug|Any CPU
		{3ACE8F85-4250-4155-8CC5-AF812DF2F9AB}.Release|Any CPU.ActiveCfg = Release|Any CPU
		{3ACE8F85-4250-4155-8CC5-AF812DF2F9AB}.Release|Any CPU.Build.0 = Release|Any CPU
		{DEF6FCBF-B632-4C1C-A6DF-DEB257044EFC}.Debug|Any CPU.ActiveCfg = Debug|Any CPU
		{DEF6FCBF-B632-4C1C-A6DF-DEB257044EFC}.Debug|Any CPU.Build.0 = Debug|Any CPU
		{DEF6FCBF-B632-4C1C-A6DF-DEB257044EFC}.Release|Any CPU.ActiveCfg = Release|Any CPU
		{DEF6FCBF-B632-4C1C-A6DF-DEB257044EFC}.Release|Any CPU.Build.0 = Release|Any CPU
		{FA44564E-7C23-4BDA-B629-65B193538AD6}.Debug|Any CPU.ActiveCfg = Debug|Any CPU
		{FA44564E-7C23-4BDA-B629-65B193538AD6}.Debug|Any CPU.Build.0 = Debug|Any CPU
		{FA44564E-7C23-4BDA-B629-65B193538AD6}.Release|Any CPU.ActiveCfg = Release|Any CPU
		{FA44564E-7C23-4BDA-B629-65B193538AD6}.Release|Any CPU.Build.0 = Release|Any CPU
		{FE3FC919-F522-478A-A607-2282AFE733D4}.Debug|Any CPU.ActiveCfg = Debug|Any CPU
		{FE3FC919-F522-478A-A607-2282AFE733D4}.Debug|Any CPU.Build.0 = Debug|Any CPU
		{FE3FC919-F522-478A-A607-2282AFE733D4}.Release|Any CPU.ActiveCfg = Release|Any CPU
		{FE3FC919-F522-478A-A607-2282AFE733D4}.Release|Any CPU.Build.0 = Release|Any CPU
		{C0755209-5E3F-4D83-A50E-C638D480B0D5}.Debug|Any CPU.ActiveCfg = Debug|Any CPU
		{C0755209-5E3F-4D83-A50E-C638D480B0D5}.Debug|Any CPU.Build.0 = Debug|Any CPU
		{C0755209-5E3F-4D83-A50E-C638D480B0D5}.Release|Any CPU.ActiveCfg = Release|Any CPU
		{C0755209-5E3F-4D83-A50E-C638D480B0D5}.Release|Any CPU.Build.0 = Release|Any CPU
		{C3BF8884-2A6C-423D-BF4B-D7F2B47E2C56}.Debug|Any CPU.ActiveCfg = Debug|Any CPU
		{C3BF8884-2A6C-423D-BF4B-D7F2B47E2C56}.Debug|Any CPU.Build.0 = Debug|Any CPU
		{C3BF8884-2A6C-423D-BF4B-D7F2B47E2C56}.Release|Any CPU.ActiveCfg = Release|Any CPU
		{C3BF8884-2A6C-423D-BF4B-D7F2B47E2C56}.Release|Any CPU.Build.0 = Release|Any CPU
		{8D157345-EF6A-438E-9E12-852AD7053A8C}.Debug|Any CPU.ActiveCfg = Debug|Any CPU
		{8D157345-EF6A-438E-9E12-852AD7053A8C}.Debug|Any CPU.Build.0 = Debug|Any CPU
		{8D157345-EF6A-438E-9E12-852AD7053A8C}.Release|Any CPU.ActiveCfg = Release|Any CPU
		{8D157345-EF6A-438E-9E12-852AD7053A8C}.Release|Any CPU.Build.0 = Release|Any CPU
		{4F24F3DA-D8FD-40AE-8136-72B105957869}.Debug|Any CPU.ActiveCfg = Debug|Any CPU
		{4F24F3DA-D8FD-40AE-8136-72B105957869}.Debug|Any CPU.Build.0 = Debug|Any CPU
		{4F24F3DA-D8FD-40AE-8136-72B105957869}.Release|Any CPU.ActiveCfg = Release|Any CPU
		{4F24F3DA-D8FD-40AE-8136-72B105957869}.Release|Any CPU.Build.0 = Release|Any CPU
		{5CB3B4A1-0488-4EE5-801E-66E480AD50BB}.Debug|Any CPU.ActiveCfg = Debug|Any CPU
		{5CB3B4A1-0488-4EE5-801E-66E480AD50BB}.Debug|Any CPU.Build.0 = Debug|Any CPU
		{5CB3B4A1-0488-4EE5-801E-66E480AD50BB}.Release|Any CPU.ActiveCfg = Release|Any CPU
		{5CB3B4A1-0488-4EE5-801E-66E480AD50BB}.Release|Any CPU.Build.0 = Release|Any CPU
	EndGlobalSection
	GlobalSection(SolutionProperties) = preSolution
		HideSolutionNode = FALSE
	EndGlobalSection
	GlobalSection(NestedProjects) = preSolution
		{99A72AAB-66E0-499F-9EBA-2566E478EEE1} = {3B5895A8-1171-4349-AAB3-673C841B8831}
		{3FD6B75E-04C2-4158-BA68-D36576C28570} = {3B5895A8-1171-4349-AAB3-673C841B8831}
		{56344FC7-5267-4BA4-BDB3-C3B3911F3190} = {3B5895A8-1171-4349-AAB3-673C841B8831}
		{D0872A95-D77F-4A3B-B995-66A6B4544D32} = {3B5895A8-1171-4349-AAB3-673C841B8831}
		{6A157D9E-395B-4FD7-8D72-C7162D6944EA} = {3B5895A8-1171-4349-AAB3-673C841B8831}
		{F5B3DE68-AF67-4836-A730-B98F02D3961F} = {F7D2B691-5633-4311-B0EB-A7E825B1FABC}
		{89551EAA-636E-469A-8784-AA08A4DB5FBB} = {F7D2B691-5633-4311-B0EB-A7E825B1FABC}
		{9E24D6AC-6509-4009-9BA7-CCA2B1E0255D} = {F7D2B691-5633-4311-B0EB-A7E825B1FABC}
		{EEBC8C9B-A877-47C0-B030-1FE2094DA8C2} = {F7D2B691-5633-4311-B0EB-A7E825B1FABC}
		{5DA845E3-9CAF-4B3D-92E7-5CE06D0BB046} = {F7D2B691-5633-4311-B0EB-A7E825B1FABC}
		{2C1A725C-4FCE-44CD-9676-C95B5DE167EE} = {ECF5BDD6-F97A-46D1-A7EE-8DCAAE701423}
		{6FE3E7FA-DB01-4392-8A71-26481962FF27} = {ECF5BDD6-F97A-46D1-A7EE-8DCAAE701423}
		{8D09C3F1-F6D1-44B6-8D55-2A78165AF028} = {ECF5BDD6-F97A-46D1-A7EE-8DCAAE701423}
		{A2ED0BCB-7325-423C-8794-8FBE6109832A} = {FE6D6B0C-F39A-4D74-8EC8-8442995AE84F}
		{EB90F4F6-E7B6-492F-B674-B8B644322D67} = {FE6D6B0C-F39A-4D74-8EC8-8442995AE84F}
		{C9BAA7BB-44A4-45ED-AFB4-17ACBDA4700D} = {FE6D6B0C-F39A-4D74-8EC8-8442995AE84F}
		{51C25C83-8B72-41FC-AAA0-349853924146} = {FE6D6B0C-F39A-4D74-8EC8-8442995AE84F}
		{05A0A61A-6AE5-4809-81E8-D0F2DEFB07B9} = {FE6D6B0C-F39A-4D74-8EC8-8442995AE84F}
		{6BCD9357-2BEC-4F5B-9FE8-2717B629C0BD} = {FE6D6B0C-F39A-4D74-8EC8-8442995AE84F}
		{3E770EBE-B4AE-435D-BF8D-91A52F14A32B} = {5EBF7217-4146-4375-9DCA-55DA358507A4}
		{BD3E2A61-4048-418A-BFDD-FD3CAB9AD50B} = {5EBF7217-4146-4375-9DCA-55DA358507A4}
		{3ACE8F85-4250-4155-8CC5-AF812DF2F9AB} = {5EBF7217-4146-4375-9DCA-55DA358507A4}
		{DEF6FCBF-B632-4C1C-A6DF-DEB257044EFC} = {5EBF7217-4146-4375-9DCA-55DA358507A4}
		{FA44564E-7C23-4BDA-B629-65B193538AD6} = {5EBF7217-4146-4375-9DCA-55DA358507A4}
		{FE3FC919-F522-478A-A607-2282AFE733D4} = {156C9D6A-899C-4F7C-830D-5E34BEB988D5}
		{C0755209-5E3F-4D83-A50E-C638D480B0D5} = {156C9D6A-899C-4F7C-830D-5E34BEB988D5}
		{C3BF8884-2A6C-423D-BF4B-D7F2B47E2C56} = {156C9D6A-899C-4F7C-830D-5E34BEB988D5}
		{8D157345-EF6A-438E-9E12-852AD7053A8C} = {156C9D6A-899C-4F7C-830D-5E34BEB988D5}
		{4F24F3DA-D8FD-40AE-8136-72B105957869} = {156C9D6A-899C-4F7C-830D-5E34BEB988D5}
		{5CB3B4A1-0488-4EE5-801E-66E480AD50BB} = {156C9D6A-899C-4F7C-830D-5E34BEB988D5}
	EndGlobalSection
	GlobalSection(ExtensibilityGlobals) = postSolution
		SolutionGuid = {E468D021-7309-4E68-BE37-73AF74AA1F0B}
	EndGlobalSection
EndGlobal
